// !$*UTF8*$!
{
	archiveVersion = 1;
	classes = {
	};
	objectVersion = 50;
	objects = {

/* Begin PBXBuildFile section */
		B2C1C3EF226F7FD1008FC1BB /* AppDelegate.swift in Sources */ = {isa = PBXBuildFile; fileRef = B2C1C3EE226F7FD1008FC1BB /* AppDelegate.swift */; };
		B2C1C3F1226F7FD1008FC1BB /* ViewController.swift in Sources */ = {isa = PBXBuildFile; fileRef = B2C1C3F0226F7FD1008FC1BB /* ViewController.swift */; };
		B2C1C3F4226F7FD1008FC1BB /* Main.storyboard in Resources */ = {isa = PBXBuildFile; fileRef = B2C1C3F2226F7FD1008FC1BB /* Main.storyboard */; };
		B2C1C3F6226F7FD2008FC1BB /* Assets.xcassets in Resources */ = {isa = PBXBuildFile; fileRef = B2C1C3F5226F7FD2008FC1BB /* Assets.xcassets */; };
		B2C1C3F9226F7FD2008FC1BB /* LaunchScreen.storyboard in Resources */ = {isa = PBXBuildFile; fileRef = B2C1C3F7226F7FD2008FC1BB /* LaunchScreen.storyboard */; };
/* End PBXBuildFile section */

/* Begin PBXFileReference section */
		B2C1C3EB226F7FD1008FC1BB /* myTodo.app */ = {isa = PBXFileReference; explicitFileType = wrapper.application; includeInIndex = 0; path = myTodo.app; sourceTree = BUILT_PRODUCTS_DIR; };
		B2C1C3EE226F7FD1008FC1BB /* AppDelegate.swift */ = {isa = PBXFileReference; lastKnownFileType = sourcecode.swift; path = AppDelegate.swift; sourceTree = "<group>"; };
		B2C1C3F0226F7FD1008FC1BB /* ViewController.swift */ = {isa = PBXFileReference; lastKnownFileType = sourcecode.swift; path = ViewController.swift; sourceTree = "<group>"; };
		B2C1C3F3226F7FD1008FC1BB /* Base */ = {isa = PBXFileReference; lastKnownFileType = file.storyboard; name = Base; path = Base.lproj/Main.storyboard; sourceTree = "<group>"; };
		B2C1C3F5226F7FD2008FC1BB /* Assets.xcassets */ = {isa = PBXFileReference; lastKnownFileType = folder.assetcatalog; path = Assets.xcassets; sourceTree = "<group>"; };
		B2C1C3F8226F7FD2008FC1BB /* Base */ = {isa = PBXFileReference; lastKnownFileType = file.storyboard; name = Base; path = Base.lproj/LaunchScreen.storyboard; sourceTree = "<group>"; };
		B2C1C3FA226F7FD2008FC1BB /* Info.plist */ = {isa = PBXFileReference; lastKnownFileType = text.plist.xml; path = Info.plist; sourceTree = "<group>"; };
/* End PBXFileReference section */

/* Begin PBXFrameworksBuildPhase section */
		B2C1C3E8226F7FD1008FC1BB /* Frameworks */ = {
			isa = PBXFrameworksBuildPhase;
			buildActionMask = 2147483647;
			files = (
			);
			runOnlyForDeploymentPostprocessing = 0;
		};
/* End PBXFrameworksBuildPhase section */

/* Begin PBXGroup section */
		B2C1C3E2226F7FD1008FC1BB = {
			isa = PBXGroup;
			children = (
				B2C1C3ED226F7FD1008FC1BB /* myTodo */,
				B2C1C3EC226F7FD1008FC1BB /* Products */,
			);
			sourceTree = "<group>";
		};
		B2C1C3EC226F7FD1008FC1BB /* Products */ = {
			isa = PBXGroup;
			children = (
				B2C1C3EB226F7FD1008FC1BB /* myTodo.app */,
			);
			name = Products;
			sourceTree = "<group>";
		};
		B2C1C3ED226F7FD1008FC1BB /* myTodo */ = {
			isa = PBXGroup;
			children = (
				B2C1C3EE226F7FD1008FC1BB /* AppDelegate.swift */,
				B2C1C3F0226F7FD1008FC1BB /* ViewController.swift */,
				B2C1C3F2226F7FD1008FC1BB /* Main.storyboard */,
				B2C1C3F5226F7FD2008FC1BB /* Assets.xcassets */,
				B2C1C3F7226F7FD2008FC1BB /* LaunchScreen.storyboard */,
				B2C1C3FA226F7FD2008FC1BB /* Info.plist */,
			);
			path = myTodo;
			sourceTree = "<group>";
		};
/* End PBXGroup section */

/* Begin PBXNativeTarget section */
		B2C1C3EA226F7FD1008FC1BB /* myTodo */ = {
			isa = PBXNativeTarget;
			buildConfigurationList = B2C1C3FD226F7FD2008FC1BB /* Build configuration list for PBXNativeTarget "myTodo" */;
			buildPhases = (
				B2C1C3E7226F7FD1008FC1BB /* Sources */,
				B2C1C3E8226F7FD1008FC1BB /* Frameworks */,
				B2C1C3E9226F7FD1008FC1BB /* Resources */,
			);
			buildRules = (
			);
			dependencies = (
			);
			name = myTodo;
			productName = myTodo;
			productReference = B2C1C3EB226F7FD1008FC1BB /* myTodo.app */;
			productType = "com.apple.product-type.application";
		};
/* End PBXNativeTarget section */

/* Begin PBXProject section */
		B2C1C3E3226F7FD1008FC1BB /* Project object */ = {
			isa = PBXProject;
			attributes = {
				LastSwiftUpdateCheck = 1010;
				LastUpgradeCheck = 1010;
				ORGANIZATIONNAME = "Turker Bilge Guney";
				TargetAttributes = {
					B2C1C3EA226F7FD1008FC1BB = {
						CreatedOnToolsVersion = 10.1;
					};
				};
			};
			buildConfigurationList = B2C1C3E6226F7FD1008FC1BB /* Build configuration list for PBXProject "myTodo" */;
			compatibilityVersion = "Xcode 9.3";
			developmentRegion = en;
			hasScannedForEncodings = 0;
			knownRegions = (
				en,
				Base,
			);
			mainGroup = B2C1C3E2226F7FD1008FC1BB;
			productRefGroup = B2C1C3EC226F7FD1008FC1BB /* Products */;
			projectDirPath = "";
			projectRoot = "";
			targets = (
				B2C1C3EA226F7FD1008FC1BB /* myTodo */,
			);
		};
/* End PBXProject section */

/* Begin PBXResourcesBuildPhase section */
		B2C1C3E9226F7FD1008FC1BB /* Resources */ = {
			isa = PBXResourcesBuildPhase;
			buildActionMask = 2147483647;
			files = (
				B2C1C3F9226F7FD2008FC1BB /* LaunchScreen.storyboard in Resources */,
				B2C1C3F6226F7FD2008FC1BB /* Assets.xcassets in Resources */,
				B2C1C3F4226F7FD1008FC1BB /* Main.storyboard in Resources */,
			);
			runOnlyForDeploymentPostprocessing = 0;
		};
/* End PBXResourcesBuildPhase section */

/* Begin PBXSourcesBuildPhase section */
		B2C1C3E7226F7FD1008FC1BB /* Sources */ = {
			isa = PBXSourcesBuildPhase;
			buildActionMask = 2147483647;
			files = (
				B2C1C3F1226F7FD1008FC1BB /* ViewController.swift in Sources */,
				B2C1C3EF226F7FD1008FC1BB /* AppDelegate.swift in Sources */,
			);
			runOnlyForDeploymentPostprocessing = 0;
		};
/* End PBXSourcesBuildPhase section */

/* Begin PBXVariantGroup section */
		B2C1C3F2226F7FD1008FC1BB /* Main.storyboard */ = {
			isa = PBXVariantGroup;
			children = (
				B2C1C3F3226F7FD1008FC1BB /* Base */,
			);
			name = Main.storyboard;
			sourceTree = "<group>";
		};
		B2C1C3F7226F7FD2008FC1BB /* LaunchScreen.storyboard */ = {
			isa = PBXVariantGroup;
			children = (
				B2C1C3F8226F7FD2008FC1BB /* Base */,
			);
			name = LaunchScreen.storyboard;
			sourceTree = "<group>";
		};
/* End PBXVariantGroup section */

/* Begin XCBuildConfiguration section */
		B2C1C3FB226F7FD2008FC1BB /* Debug */ = {
			isa = XCBuildConfiguration;
			buildSettings = {
				ALWAYS_SEARCH_USER_PATHS = NO;
				CLANG_ANALYZER_NONNULL = YES;
				CLANG_ANALYZER_NUMBER_OBJECT_CONVERSION = YES_AGGRESSIVE;
				CLANG_CXX_LANGUAGE_STANDARD = "gnu++14";
				CLANG_CXX_LIBRARY = "libc++";
				CLANG_ENABLE_MODULES = YES;
				CLANG_ENABLE_OBJC_ARC = YES;
				CLANG_ENABLE_OBJC_WEAK = YES;
				CLANG_WARN_BLOCK_CAPTURE_AUTORELEASING = YES;
				CLANG_WARN_BOOL_CONVERSION = YES;
				CLANG_WARN_COMMA = YES;
				CLANG_WARN_CONSTANT_CONVERSION = YES;
				CLANG_WARN_DEPRECATED_OBJC_IMPLEMENTATIONS = YES;
				CLANG_WARN_DIRECT_OBJC_ISA_USAGE = YES_ERROR;
				CLANG_WARN_DOCUMENTATION_COMMENTS = YES;
				CLANG_WARN_EMPTY_BODY = YES;
				CLANG_WARN_ENUM_CONVERSION = YES;
				CLANG_WARN_INFINITE_RECURSION = YES;
				CLANG_WARN_INT_CONVERSION = YES;
				CLANG_WARN_NON_LITERAL_NULL_CONVERSION = YES;
				CLANG_WARN_OBJC_IMPLICIT_RETAIN_SELF = YES;
				CLANG_WARN_OBJC_LITERAL_CONVERSION = YES;
				CLANG_WARN_OBJC_ROOT_CLASS = YES_ERROR;
				CLANG_WARN_RANGE_LOOP_ANALYSIS = YES;
				CLANG_WARN_STRICT_PROTOTYPES = YES;
				CLANG_WARN_SUSPICIOUS_MOVE = YES;
				CLANG_WARN_UNGUARDED_AVAILABILITY = YES_AGGRESSIVE;
				CLANG_WARN_UNREACHABLE_CODE = YES;
				CLANG_WARN__DUPLICATE_METHOD_MATCH = YES;
				CODE_SIGN_IDENTITY = "iPhone Developer";
				COPY_PHASE_STRIP = NO;
				DEBUG_INFORMATION_FORMAT = dwarf;
				ENABLE_STRICT_OBJC_MSGSEND = YES;
				ENABLE_TESTABILITY = YES;
				GCC_C_LANGUAGE_STANDARD = gnu11;
				GCC_DYNAMIC_NO_PIC = NO;
				GCC_NO_COMMON_BLOCKS = YES;
				GCC_OPTIMIZATION_LEVEL = 0;
				GCC_PREPROCESSOR_DEFINITIONS = (
					"DEBUG=1",
					"$(inherited)",
				);
				GCC_WARN_64_TO_32_BIT_CONVERSION = YES;
				GCC_WARN_ABOUT_RETURN_TYPE = YES_ERROR;
				GCC_WARN_UNDECLARED_SELECTOR = YES;
				GCC_WARN_UNINITIALIZED_AUTOS = YES_AGGRESSIVE;
				GCC_WARN_UNUSED_FUNCTION = YES;
				GCC_WARN_UNUSED_VARIABLE = YES;
				IPHONEOS_DEPLOYMENT_TARGET = 12.1;
				MTL_ENABLE_DEBUG_INFO = INCLUDE_SOURCE;
				MTL_FAST_MATH = YES;
				ONLY_ACTIVE_ARCH = YES;
				SDKROOT = iphoneos;
				SWIFT_ACTIVE_COMPILATION_CONDITIONS = DEBUG;
				SWIFT_OPTIMIZATION_LEVEL = "-Onone";
			};
			name = Debug;
		};
		B2C1C3FC226F7FD2008FC1BB /* Release */ = {
			isa = XCBuildConfiguration;
			buildSettings = {
				ALWAYS_SEARCH_USER_PATHS = NO;
				CLANG_ANALYZER_NONNULL = YES;
				CLANG_ANALYZER_NUMBER_OBJECT_CONVERSION = YES_AGGRESSIVE;
				CLANG_CXX_LANGUAGE_STANDARD = "gnu++14";
				CLANG_CXX_LIBRARY = "libc++";
				CLANG_ENABLE_MODULES = YES;
				CLANG_ENABLE_OBJC_ARC = YES;
				CLANG_ENABLE_OBJC_WEAK = YES;
				CLANG_WARN_BLOCK_CAPTURE_AUTORELEASING = YES;
				CLANG_WARN_BOOL_CONVERSION = YES;
				CLANG_WARN_COMMA = YES;
				CLANG_WARN_CONSTANT_CONVERSION = YES;
				CLANG_WARN_DEPRECATED_OBJC_IMPLEMENTATIONS = YES;
				CLANG_WARN_DIRECT_OBJC_ISA_USAGE = YES_ERROR;
				CLANG_WARN_DOCUMENTATION_COMMENTS = YES;
				CLANG_WARN_EMPTY_BODY = YES;
				CLANG_WARN_ENUM_CONVERSION = YES;
				CLANG_WARN_INFINITE_RECURSION = YES;
				CLANG_WARN_INT_CONVERSION = YES;
				CLANG_WARN_NON_LITERAL_NULL_CONVERSION = YES;
				CLANG_WARN_OBJC_IMPLICIT_RETAIN_SELF = YES;
				CLANG_WARN_OBJC_LITERAL_CONVERSION = YES;
				CLANG_WARN_OBJC_ROOT_CLASS = YES_ERROR;
				CLANG_WARN_RANGE_LOOP_ANALYSIS = YES;
				CLANG_WARN_STRICT_PROTOTYPES = YES;
				CLANG_WARN_SUSPICIOUS_MOVE = YES;
				CLANG_WARN_UNGUARDED_AVAILABILITY = YES_AGGRESSIVE;
				CLANG_WARN_UNREACHABLE_CODE = YES;
				CLANG_WARN__DUPLICATE_METHOD_MATCH = YES;
				CODE_SIGN_IDENTITY = "iPhone Developer";
				COPY_PHASE_STRIP = NO;
				DEBUG_INFORMATION_FORMAT = "dwarf-with-dsym";
				ENABLE_NS_ASSERTIONS = NO;
				ENABLE_STRICT_OBJC_MSGSEND = YES;
				GCC_C_LANGUAGE_STANDARD = gnu11;
				GCC_NO_COMMON_BLOCKS = YES;
				GCC_WARN_64_TO_32_BIT_CONVERSION = YES;
				GCC_WARN_ABOUT_RETURN_TYPE = YES_ERROR;
				GCC_WARN_UNDECLARED_SELECTOR = YES;
				GCC_WARN_UNINITIALIZED_AUTOS = YES_AGGRESSIVE;
				GCC_WARN_UNUSED_FUNCTION = YES;
				GCC_WARN_UNUSED_VARIABLE = YES;
				IPHONEOS_DEPLOYMENT_TARGET = 12.1;
				MTL_ENABLE_DEBUG_INFO = NO;
				MTL_FAST_MATH = YES;
				SDKROOT = iphoneos;
				SWIFT_COMPILATION_MODE = wholemodule;
				SWIFT_OPTIMIZATION_LEVEL = "-O";
				VALIDATE_PRODUCT = YES;
			};
			name = Release;
		};
		B2C1C3FE226F7FD2008FC1BB /* Debug */ = {
			isa = XCBuildConfiguration;
			buildSettings = {
				ASSETCATALOG_COMPILER_APPICON_NAME = AppIcon;
				CODE_SIGN_STYLE = Automatic;
				DEVELOPMENT_TEAM = 3J4C229QHZ;
				INFOPLIST_FILE = myTodo/Info.plist;
				LD_RUNPATH_SEARCH_PATHS = (
					"$(inherited)",
					"@executable_path/Frameworks",
				);
				PRODUCT_BUNDLE_IDENTIFIER = com.turkerguney.myTodo;
				PRODUCT_NAME = "$(TARGET_NAME)";
				SWIFT_VERSION = 4.2;
				TARGETED_DEVICE_FAMILY = "1,2";
			};
			name = Debug;
		};
		B2C1C3FF226F7FD2008FC1BB /* Release */ = {
			isa = XCBuildConfiguration;
			buildSettings = {
				ASSETCATALOG_COMPILER_APPICON_NAME = AppIcon;
				CODE_SIGN_STYLE = Automatic;
				DEVELOPMENT_TEAM = 3J4C229QHZ;
				INFOPLIST_FILE = myTodo/Info.plist;
				LD_RUNPATH_SEARCH_PATHS = (
					"$(inherited)",
					"@executable_path/Frameworks",
				);
				PRODUCT_BUNDLE_IDENTIFIER = com.turkerguney.myTodo;
				PRODUCT_NAME = "$(TARGET_NAME)";
				SWIFT_VERSION = 4.2;
				TARGETED_DEVICE_FAMILY = "1,2";
			};
			name = Release;
		};
/* End XCBuildConfiguration section */

/* Begin XCConfigurationList section */
		B2C1C3E6226F7FD1008FC1BB /* Build configuration list for PBXProject "myTodo" */ = {
			isa = XCConfigurationList;
			buildConfigurations = (
				B2C1C3FB226F7FD2008FC1BB /* Debug */,
				B2C1C3FC226F7FD2008FC1BB /* Release */,
			);
			defaultConfigurationIsVisible = 0;
			defaultConfigurationName = Release;
		};
		B2C1C3FD226F7FD2008FC1BB /* Build configuration list for PBXNativeTarget "myTodo" */ = {
			isa = XCConfigurationList;
			buildConfigurations = (
				B2C1C3FE226F7FD2008FC1BB /* Debug */,
				B2C1C3FF226F7FD2008FC1BB /* Release */,
			);
			defaultConfigurationIsVisible = 0;
			defaultConfigurationName = Release;
		};
/* End XCConfigurationList section */
	};
	rootObject = B2C1C3E3226F7FD1008FC1BB /* Project object */;
}
